
Microsoft Visual Studio Solution File, Format Version 12.00
# Visual Studio Version 17
VisualStudioVersion = 17.6.33723.286
MinimumVisualStudioVersion = 10.0.40219.1
Project("{9A19103F-16F7-4668-BE54-9A1E7A4F7556}") = "Ticketing.Host", "AirplaneAirline\Ticketing.Host.csproj", "{99ED6B2A-9D0D-4F78-9140-E341120ED06D}"
EndProject
Project("{9A19103F-16F7-4668-BE54-9A1E7A4F7556}") = "Ticketing.BLL", "Core.BLL\Ticketing.BLL.csproj", "{EE9CE7A4-4D25-4A9B-8DEC-DDE961EC6A34}"
EndProject
Project("{9A19103F-16F7-4668-BE54-9A1E7A4F7556}") = "Ticketing.DTOModels", "DTO.Models\Ticketing.DTOModels.csproj", "{1DC70445-9A53-4591-8D58-B66BD1C85056}"
EndProject
Project("{9A19103F-16F7-4668-BE54-9A1E7A4F7556}") = "Ticketing.Models", "Models\Ticketing.Models.csproj", "{04184ABC-A6D6-464E-B0F1-0DBC1D024BF5}"
EndProject
Project("{2150E333-8FDC-42A3-9474-1A3956D46DE8}") = "BLL", "BLL", "{3BBDA5EA-1EC1-4627-B950-CA845033B4F7}"
EndProject
Project("{2150E333-8FDC-42A3-9474-1A3956D46DE8}") = "DAL", "DAL", "{6E9EB58F-6385-4C11-809C-A818333B688A}"
EndProject
Project("{2150E333-8FDC-42A3-9474-1A3956D46DE8}") = "Models", "Models", "{A55E6537-2C49-4E4A-BA5E-55FE45AE2B1E}"
EndProject
Project("{2150E333-8FDC-42A3-9474-1A3956D46DE8}") = "Controller", "Controller", "{C10D63E9-54B8-443D-8B00-C802C98BCFB8}"
EndProject
Project("{9A19103F-16F7-4668-BE54-9A1E7A4F7556}") = "Ticketing.BLL.Contract", "Ticketing.BLL.Contract\Ticketing.BLL.Contract.csproj", "{BEF9346D-C143-4059-94D7-CC5B4F3A80EF}"
EndProject
Project("{9A19103F-16F7-4668-BE54-9A1E7A4F7556}") = "Ticketing.DAL.Contract", "Ticketing.DAL.Contract\Ticketing.DAL.Contract.csproj", "{30794662-1234-4E93-B181-1FEF76F2FE45}"
EndProject
Project("{9A19103F-16F7-4668-BE54-9A1E7A4F7556}") = "Ticketing.DAL", "Ticketing.DAL\Ticketing.DAL.csproj", "{81CB56BA-730C-4C51-A5AB-1B0F3AD7A317}"
EndProject
Project("{FAE04EC0-301F-11D3-BF4B-00C04F79EFBC}") = "Ticketing.BLL.Tests", "Ticketing.BLL.Tests\Ticketing.BLL.Tests.csproj", "{AC4AF3FD-99AB-46F7-857B-C8284A5013E1}"
EndProject
Global
	GlobalSection(SolutionConfigurationPlatforms) = preSolution
		Debug|Any CPU = Debug|Any CPU
		Release|Any CPU = Release|Any CPU
	EndGlobalSection
	GlobalSection(ProjectConfigurationPlatforms) = postSolution
		{99ED6B2A-9D0D-4F78-9140-E341120ED06D}.Debug|Any CPU.ActiveCfg = Debug|Any CPU
		{99ED6B2A-9D0D-4F78-9140-E341120ED06D}.Debug|Any CPU.Build.0 = Debug|Any CPU
		{99ED6B2A-9D0D-4F78-9140-E341120ED06D}.Release|Any CPU.ActiveCfg = Release|Any CPU
		{99ED6B2A-9D0D-4F78-9140-E341120ED06D}.Release|Any CPU.Build.0 = Release|Any CPU
		{EE9CE7A4-4D25-4A9B-8DEC-DDE961EC6A34}.Debug|Any CPU.ActiveCfg = Debug|Any CPU
		{EE9CE7A4-4D25-4A9B-8DEC-DDE961EC6A34}.Debug|Any CPU.Build.0 = Debug|Any CPU
		{EE9CE7A4-4D25-4A9B-8DEC-DDE961EC6A34}.Release|Any CPU.ActiveCfg = Release|Any CPU
		{EE9CE7A4-4D25-4A9B-8DEC-DDE961EC6A34}.Release|Any CPU.Build.0 = Release|Any CPU
		{1DC70445-9A53-4591-8D58-B66BD1C85056}.Debug|Any CPU.ActiveCfg = Debug|Any CPU
		{1DC70445-9A53-4591-8D58-B66BD1C85056}.Debug|Any CPU.Build.0 = Debug|Any CPU
		{1DC70445-9A53-4591-8D58-B66BD1C85056}.Release|Any CPU.ActiveCfg = Release|Any CPU
		{1DC70445-9A53-4591-8D58-B66BD1C85056}.Release|Any CPU.Build.0 = Release|Any CPU
		{04184ABC-A6D6-464E-B0F1-0DBC1D024BF5}.Debug|Any CPU.ActiveCfg = Debug|Any CPU
		{04184ABC-A6D6-464E-B0F1-0DBC1D024BF5}.Debug|Any CPU.Build.0 = Debug|Any CPU
		{04184ABC-A6D6-464E-B0F1-0DBC1D024BF5}.Release|Any CPU.ActiveCfg = Release|Any CPU
		{04184ABC-A6D6-464E-B0F1-0DBC1D024BF5}.Release|Any CPU.Build.0 = Release|Any CPU
		{BEF9346D-C143-4059-94D7-CC5B4F3A80EF}.Debug|Any CPU.ActiveCfg = Debug|Any CPU
		{BEF9346D-C143-4059-94D7-CC5B4F3A80EF}.Debug|Any CPU.Build.0 = Debug|Any CPU
		{BEF9346D-C143-4059-94D7-CC5B4F3A80EF}.Release|Any CPU.ActiveCfg = Release|Any CPU
		{BEF9346D-C143-4059-94D7-CC5B4F3A80EF}.Release|Any CPU.Build.0 = Release|Any CPU
		{30794662-1234-4E93-B181-1FEF76F2FE45}.Debug|Any CPU.ActiveCfg = Debug|Any CPU
		{30794662-1234-4E93-B181-1FEF76F2FE45}.Debug|Any CPU.Build.0 = Debug|Any CPU
		{30794662-1234-4E93-B181-1FEF76F2FE45}.Release|Any CPU.ActiveCfg = Release|Any CPU
		{30794662-1234-4E93-B181-1FEF76F2FE45}.Release|Any CPU.Build.0 = Release|Any CPU
		{81CB56BA-730C-4C51-A5AB-1B0F3AD7A317}.Debug|Any CPU.ActiveCfg = Debug|Any CPU
		{81CB56BA-730C-4C51-A5AB-1B0F3AD7A317}.Debug|Any CPU.Build.0 = Debug|Any CPU
		{81CB56BA-730C-4C51-A5AB-1B0F3AD7A317}.Release|Any CPU.ActiveCfg = Release|Any CPU
		{81CB56BA-730C-4C51-A5AB-1B0F3AD7A317}.Release|Any CPU.Build.0 = Release|Any CPU
		{AC4AF3FD-99AB-46F7-857B-C8284A5013E1}.Debug|Any CPU.ActiveCfg = Debug|Any CPU
		{AC4AF3FD-99AB-46F7-857B-C8284A5013E1}.Debug|Any CPU.Build.0 = Debug|Any CPU
		{AC4AF3FD-99AB-46F7-857B-C8284A5013E1}.Release|Any CPU.ActiveCfg = Release|Any CPU
		{AC4AF3FD-99AB-46F7-857B-C8284A5013E1}.Release|Any CPU.Build.0 = Release|Any CPU
	EndGlobalSection
	GlobalSection(SolutionProperties) = preSolution
		HideSolutionNode = FALSE
	EndGlobalSection
	GlobalSection(NestedProjects) = preSolution
		{99ED6B2A-9D0D-4F78-9140-E341120ED06D} = {C10D63E9-54B8-443D-8B00-C802C98BCFB8}
		{EE9CE7A4-4D25-4A9B-8DEC-DDE961EC6A34} = {3BBDA5EA-1EC1-4627-B950-CA845033B4F7}
		{1DC70445-9A53-4591-8D58-B66BD1C85056} = {A55E6537-2C49-4E4A-BA5E-55FE45AE2B1E}
		{04184ABC-A6D6-464E-B0F1-0DBC1D024BF5} = {A55E6537-2C49-4E4A-BA5E-55FE45AE2B1E}
		{BEF9346D-C143-4059-94D7-CC5B4F3A80EF} = {3BBDA5EA-1EC1-4627-B950-CA845033B4F7}
		{30794662-1234-4E93-B181-1FEF76F2FE45} = {6E9EB58F-6385-4C11-809C-A818333B688A}
		{81CB56BA-730C-4C51-A5AB-1B0F3AD7A317} = {6E9EB58F-6385-4C11-809C-A818333B688A}
		{AC4AF3FD-99AB-46F7-857B-C8284A5013E1} = {3BBDA5EA-1EC1-4627-B950-CA845033B4F7}
	EndGlobalSection
	GlobalSection(ExtensibilityGlobals) = postSolution
		SolutionGuid = {D4B6E2C7-CE00-4576-8A0B-14833321D678}
	EndGlobalSection
EndGlobal
